
Microsoft Visual Studio Solution File, Format Version 12.00
# Visual Studio Version 17
VisualStudioVersion = 17.8.34322.80
MinimumVisualStudioVersion = 10.0.40219.1
Project("{9A19103F-16F7-4668-BE54-9A1E7A4F7556}") = "PA.Web.Admin", "PA.Web.Admin\PA.Web.Admin\PA.Web.Admin.csproj", "{655841E4-9A49-4582-A48F-AC0ABBE920BD}"
EndProject
Project("{9A19103F-16F7-4668-BE54-9A1E7A4F7556}") = "PA.Web.Admin.Client", "PA.Web.Admin\PA.Web.Admin.Client\PA.Web.Admin.Client.csproj", "{E4B5EDC0-62B8-4909-BA05-802F874D1AF0}"
EndProject
Project("{9A19103F-16F7-4668-BE54-9A1E7A4F7556}") = "PA.Core", "PA.Core\PA.Core.csproj", "{F92D26C0-7971-41BE-99E1-BD456F32A3C9}"
EndProject
Project("{9A19103F-16F7-4668-BE54-9A1E7A4F7556}") = "PA.Datastore.EFCore", "PA.Datastore.EFCore\PA.Datastore.EFCore.csproj", "{4F08268D-1155-4B5D-B3D1-2E3E60E6E4B1}"
EndProject
Project("{9A19103F-16F7-4668-BE54-9A1E7A4F7556}") = "PA.Web.API", "PA.Web.API\PA.Web.API.csproj", "{CF6F94F2-B7F4-4E07-8C81-C2ED65BAC89D}"
EndProject
Project("{2150E333-8FDC-42A3-9474-1A3956D46DE8}") = "SolutionNotes", "SolutionNotes", "{54EDAE45-087D-4485-9C49-4C5A897AF28D}"
	ProjectSection(SolutionItems) = preProject
		Notes.md = Notes.md
	EndProjectSection
EndProject
Project("{FAE04EC0-301F-11D3-BF4B-00C04F79EFBC}") = "PA.UseCases", "PA.UseCases\PA.UseCases.csproj", "{C93CCBEF-7087-4C8D-AFED-17DE1074AC75}"
EndProject
Global
	GlobalSection(SolutionConfigurationPlatforms) = preSolution
		Debug|Any CPU = Debug|Any CPU
		Release|Any CPU = Release|Any CPU
	EndGlobalSection
	GlobalSection(ProjectConfigurationPlatforms) = postSolution
		{655841E4-9A49-4582-A48F-AC0ABBE920BD}.Debug|Any CPU.ActiveCfg = Debug|Any CPU
		{655841E4-9A49-4582-A48F-AC0ABBE920BD}.Debug|Any CPU.Build.0 = Debug|Any CPU
		{655841E4-9A49-4582-A48F-AC0ABBE920BD}.Release|Any CPU.ActiveCfg = Release|Any CPU
		{655841E4-9A49-4582-A48F-AC0ABBE920BD}.Release|Any CPU.Build.0 = Release|Any CPU
		{E4B5EDC0-62B8-4909-BA05-802F874D1AF0}.Debug|Any CPU.ActiveCfg = Debug|Any CPU
		{E4B5EDC0-62B8-4909-BA05-802F874D1AF0}.Debug|Any CPU.Build.0 = Debug|Any CPU
		{E4B5EDC0-62B8-4909-BA05-802F874D1AF0}.Release|Any CPU.ActiveCfg = Release|Any CPU
		{E4B5EDC0-62B8-4909-BA05-802F874D1AF0}.Release|Any CPU.Build.0 = Release|Any CPU
		{F92D26C0-7971-41BE-99E1-BD456F32A3C9}.Debug|Any CPU.ActiveCfg = Debug|Any CPU
		{F92D26C0-7971-41BE-99E1-BD456F32A3C9}.Debug|Any CPU.Build.0 = Debug|Any CPU
		{F92D26C0-7971-41BE-99E1-BD456F32A3C9}.Release|Any CPU.ActiveCfg = Release|Any CPU
		{F92D26C0-7971-41BE-99E1-BD456F32A3C9}.Release|Any CPU.Build.0 = Release|Any CPU
		{4F08268D-1155-4B5D-B3D1-2E3E60E6E4B1}.Debug|Any CPU.ActiveCfg = Debug|Any CPU
		{4F08268D-1155-4B5D-B3D1-2E3E60E6E4B1}.Debug|Any CPU.Build.0 = Debug|Any CPU
		{4F08268D-1155-4B5D-B3D1-2E3E60E6E4B1}.Release|Any CPU.ActiveCfg = Release|Any CPU
		{4F08268D-1155-4B5D-B3D1-2E3E60E6E4B1}.Release|Any CPU.Build.0 = Release|Any CPU
		{CF6F94F2-B7F4-4E07-8C81-C2ED65BAC89D}.Debug|Any CPU.ActiveCfg = Debug|Any CPU
		{CF6F94F2-B7F4-4E07-8C81-C2ED65BAC89D}.Debug|Any CPU.Build.0 = Debug|Any CPU
		{CF6F94F2-B7F4-4E07-8C81-C2ED65BAC89D}.Release|Any CPU.ActiveCfg = Release|Any CPU
		{CF6F94F2-B7F4-4E07-8C81-C2ED65BAC89D}.Release|Any CPU.Build.0 = Release|Any CPU
		{C93CCBEF-7087-4C8D-AFED-17DE1074AC75}.Debug|Any CPU.ActiveCfg = Debug|Any CPU
		{C93CCBEF-7087-4C8D-AFED-17DE1074AC75}.Debug|Any CPU.Build.0 = Debug|Any CPU
		{C93CCBEF-7087-4C8D-AFED-17DE1074AC75}.Release|Any CPU.ActiveCfg = Release|Any CPU
		{C93CCBEF-7087-4C8D-AFED-17DE1074AC75}.Release|Any CPU.Build.0 = Release|Any CPU
	EndGlobalSection
	GlobalSection(SolutionProperties) = preSolution
		HideSolutionNode = FALSE
	EndGlobalSection
	GlobalSection(ExtensibilityGlobals) = postSolution
		SolutionGuid = {70C67622-65E6-43B9-AD77-0AF6974DF856}
	EndGlobalSection
EndGlobal
